{
  "name": "desmos-text-io",
  "version": "1.2.0",
  "lockfileVersion": 2,
  "requires": true,
  "packages": {
    "": {
      "name": "desmos-text-io",
      "version": "1.2.0",
      "license": "MIT",
      "dependencies": {
        "ace-builds": "^1.16.0"
      }
    },
    "node_modules/ace-builds": {
      "version": "1.16.0",
      "resolved": "https://registry.npmjs.org/ace-builds/-/ace-builds-1.16.0.tgz",
      "integrity": "sha512-EriMhoxdfhh0zKm7icSt8EXekODAOVsYh9fpnlru9ALwf0Iw7J7bpuqLjhi3QRxvVKR7P0teQdJwTvjVMcYHuw=="
    }
  },
  "dependencies": {
    "ace-builds": {
      "version": "1.16.0",
      "resolved": "https://registry.npmjs.org/ace-builds/-/ace-builds-1.16.0.tgz",
      "integrity": "sha512-EriMhoxdfhh0zKm7icSt8EXekODAOVsYh9fpnlru9ALwf0Iw7J7bpuqLjhi3QRxvVKR7P0teQdJwTvjVMcYHuw=="
    }
  }
}
